{"filter":false,"title":"Gemfile.lock","tooltip":"/sandbag/getter_app/Gemfile.lock","undoManager":{"mark":-1,"position":-1,"stack":[]},"ace":{"folds":[],"scrolltop":0,"scrollleft":0,"selection":{"start":{"row":0,"column":0},"end":{"row":0,"column":0},"isBackwards":false},"options":{"guessTabSize":true,"useWrapMode":false,"wrapToView":true},"firstLineState":0},"timestamp":1684120888196,"hash":"52401fb88ca38e80af1c7023f95e7aead205a9d2"}