{"filter":false,"title":"Gemfile.lock","tooltip":"/bookers2_app/Gemfile.lock","undoManager":{"mark":-1,"position":-1,"stack":[]},"ace":{"folds":[],"scrolltop":3745,"scrollleft":0,"selection":{"start":{"row":0,"column":0},"end":{"row":0,"column":0},"isBackwards":false},"options":{"guessTabSize":true,"useWrapMode":false,"wrapToView":true},"firstLineState":{"row":233,"state":"start","mode":"ace/mode/text"}},"timestamp":1681773908013,"hash":"7661ac6c21f78e867e7d4cfb6273d3524adc3e29"}